
Microsoft Visual Studio Solution File, Format Version 12.00
# Visual Studio Version 17
VisualStudioVersion = 17.5.33424.131
MinimumVisualStudioVersion = 10.0.40219.1
Project("{FAE04EC0-301F-11D3-BF4B-00C04F79EFBC}") = "Apps.MicrosoftExcel", "Apps.MicrosoftExcel\Apps.MicrosoftExcel.csproj", "{80FACA4A-4F0A-46D9-B3A4-07DF8890810A}"
EndProject
Global
	GlobalSection(SolutionConfigurationPlatforms) = preSolution
		Debug|Any CPU = Debug|Any CPU
		Release|Any CPU = Release|Any CPU
	EndGlobalSection
	GlobalSection(ProjectConfigurationPlatforms) = postSolution
		{80FACA4A-4F0A-46D9-B3A4-07DF8890810A}.Debug|Any CPU.ActiveCfg = Debug|Any CPU
		{80FACA4A-4F0A-46D9-B3A4-07DF8890810A}.Debug|Any CPU.Build.0 = Debug|Any CPU
		{80FACA4A-4F0A-46D9-B3A4-07DF8890810A}.Release|Any CPU.ActiveCfg = Release|Any CPU
		{80FACA4A-4F0A-46D9-B3A4-07DF8890810A}.Release|Any CPU.Build.0 = Release|Any CPU
	EndGlobalSection
	GlobalSection(SolutionProperties) = preSolution
		HideSolutionNode = FALSE
	EndGlobalSection
	GlobalSection(ExtensibilityGlobals) = postSolution
		SolutionGuid = {38D116D2-3E6C-4397-884B-2E1C6E2E8481}
	EndGlobalSection
EndGlobal
